
Microsoft Visual Studio Solution File, Format Version 12.00
# Visual Studio Version 17
VisualStudioVersion = 17.14.36429.23
MinimumVisualStudioVersion = 10.0.40219.1
Project("{2150E333-8FDC-42A3-9474-1A3956D46DE8}") = "Task2", "Task2", "{02EA681E-C7D8-13C7-8484-4AC65E1B71E8}"
EndProject
Project("{FAE04EC0-301F-11D3-BF4B-00C04F79EFBC}") = "Tyuiu.ShelomentsevYA.Sprint1.Task2.V6.Lib", "Tyuiu.ShelomentsevYA.Sprint1.Task2.V6.Lib\Tyuiu.ShelomentsevYA.Sprint1.Task2.V6.Lib.csproj", "{9894B0BF-8FAF-4EBF-934D-C1E550748FB4}"
EndProject
Project("{FAE04EC0-301F-11D3-BF4B-00C04F79EFBC}") = "Tyuiu.ShelomentsevYA.Sprint1.Task2.V6", "Tyuiu.ShelomentsevYA.Sprint1.Task2.V6\Tyuiu.ShelomentsevYA.Sprint1.Task2.V6.csproj", "{B1763105-DC46-40B7-B95A-604FAED2B304}"
EndProject
Project("{FAE04EC0-301F-11D3-BF4B-00C04F79EFBC}") = "Tyuiu.ShelomentsevYA.Sprint1.Task2.V6.Test", "Tyuiu.ShelomentsevYA.Sprint1.Task2.V6.Test\Tyuiu.ShelomentsevYA.Sprint1.Task2.V6.Test.csproj", "{523D787B-7335-4AFC-AC6C-DBBF47310F21}"
EndProject
Project("{2150E333-8FDC-42A3-9474-1A3956D46DE8}") = "Task3", "Task3", "{61D6545E-5FC5-443D-9A6C-6E76C088AC27}"
EndProject
Project("{FAE04EC0-301F-11D3-BF4B-00C04F79EFBC}") = "Tyuiu.ShelomentsevYA.Sprint1.Task3.V8.Test", "Tyuiu.ShelomentsevYA.Sprint1.Task3.V8.Test\Tyuiu.ShelomentsevYA.Sprint1.Task3.V8.Test.csproj", "{0D1459F3-BD9F-4654-BC80-345F57C69DD2}"
EndProject
Project("{FAE04EC0-301F-11D3-BF4B-00C04F79EFBC}") = "Tyuiu.ShelomentsevYA.Sprint1.Task3.V8", "Tyuiu.ShelomentsevYA.Sprint1.Task3.V8\Tyuiu.ShelomentsevYA.Sprint1.Task3.V8.csproj", "{CD9D5D8C-E317-4CB6-A758-79BCEB351346}"
EndProject
Project("{FAE04EC0-301F-11D3-BF4B-00C04F79EFBC}") = "Tyuiu.ShelomentsevYA.Sprint1.Task3.V8.Lib", "Tyuiu.ShelomentsevYA.Sprint1.Task3.V8.Lib\Tyuiu.ShelomentsevYA.Sprint1.Task3.V8.Lib.csproj", "{D5A0D60D-E149-49A4-ACCE-E52CAB07F9DD}"
EndProject
Project("{2150E333-8FDC-42A3-9474-1A3956D46DE8}") = "Task4", "Task4", "{8BF72B6E-6278-4246-92EE-AF17CA326E98}"
EndProject
Project("{FAE04EC0-301F-11D3-BF4B-00C04F79EFBC}") = "Tyuiu.ShelomentsevYA.Sprint1.Task4.V6.Lib", "Tyuiu.ShelomentsevYA.Sprint1.Task4.V6.Lib\Tyuiu.ShelomentsevYA.Sprint1.Task4.V6.Lib.csproj", "{C7325D5F-B33F-4B55-8EB4-8CBC87BAB074}"
EndProject
Project("{FAE04EC0-301F-11D3-BF4B-00C04F79EFBC}") = "Tyuiu.ShelomentsevYA.Sprint1.Task4.V6", "Tyuiu.ShelomentsevYA.Sprint1.Task4.V6\Tyuiu.ShelomentsevYA.Sprint1.Task4.V6.csproj", "{0B0DBCFF-F4DC-42BB-B197-DD36681FF29E}"
EndProject
Project("{FAE04EC0-301F-11D3-BF4B-00C04F79EFBC}") = "Tyuiu.ShelomentsevYA.Sprint1.Task4.V6.Test", "Tyuiu.ShelomentsevYA.Sprint1.Task4.V6.Test\Tyuiu.ShelomentsevYA.Sprint1.Task4.V6.Test.csproj", "{96A36CDB-C354-42C8-BB3F-E730684BE8CC}"
EndProject
Project("{2150E333-8FDC-42A3-9474-1A3956D46DE8}") = "Task5", "Task5", "{58885767-25FF-4947-8309-13B774F4560C}"
EndProject
Project("{FAE04EC0-301F-11D3-BF4B-00C04F79EFBC}") = "Tyuiu.ShelomentsevYA.Sprint1.Task5.V4.Test", "Tyuiu.ShelomentsevYA.Sprint1.Task5.V4.Test\Tyuiu.ShelomentsevYA.Sprint1.Task5.V4.Test.csproj", "{F721C925-7D6F-481F-93F9-D8B483A496DE}"
EndProject
Project("{FAE04EC0-301F-11D3-BF4B-00C04F79EFBC}") = "Tyuiu.ShelomentsevYA.Sprint1.Task5.V4", "Tyuiu.ShelomentsevYA.Sprint1.Task5.V4\Tyuiu.ShelomentsevYA.Sprint1.Task5.V4.csproj", "{55585C22-9922-4DCA-BCD1-B4FBCBC5CFC4}"
EndProject
Project("{FAE04EC0-301F-11D3-BF4B-00C04F79EFBC}") = "Tyuiu.ShelomentsevYA.Sprint1.Task5.V4.Lib", "Tyuiu.ShelomentsevYA.Sprint1.Task5.V4.Lib\Tyuiu.ShelomentsevYA.Sprint1.Task5.V4.Lib.csproj", "{BA1D7E8B-7472-49E8-AF0F-2EA724E3D83F}"
EndProject
Project("{2150E333-8FDC-42A3-9474-1A3956D46DE8}") = "Task6", "Task6", "{6AD1BFE9-47B8-406C-9272-3AA09DD14B2E}"
EndProject
Project("{FAE04EC0-301F-11D3-BF4B-00C04F79EFBC}") = "Tyuiu.ShelomentsevYA.Sprint1.Task6.V6.Lib", "Tyuiu.ShelomentsevYA.Sprint1.Task6.V6.Lib\Tyuiu.ShelomentsevYA.Sprint1.Task6.V6.Lib.csproj", "{CB81EBCE-292E-4CB0-8BB5-82B2C289611D}"
EndProject
Project("{FAE04EC0-301F-11D3-BF4B-00C04F79EFBC}") = "Tyuiu.ShelomentsevYA.Sprint1.Task6.V6", "Tyuiu.ShelomentsevYA.Sprint1.Task6.V6\Tyuiu.ShelomentsevYA.Sprint1.Task6.V6.csproj", "{FA8AF142-D8AF-4F33-996B-12E1E1D9B42C}"
EndProject
Project("{FAE04EC0-301F-11D3-BF4B-00C04F79EFBC}") = "Tyuiu.ShelomentsevYA.Sprint1.Task6.V6.Test", "Tyuiu.ShelomentsevYA.Sprint1.Task6.V6.Test\Tyuiu.ShelomentsevYA.Sprint1.Task6.V6.Test.csproj", "{76CD69D6-4E99-4459-95D8-A3165B146FB1}"
EndProject
Project("{2150E333-8FDC-42A3-9474-1A3956D46DE8}") = "Task7", "Task7", "{8F3D18A1-F217-4A8E-9596-E6AE81DE741F}"
EndProject
Project("{FAE04EC0-301F-11D3-BF4B-00C04F79EFBC}") = "Tyuiu.ShelomentsevYA.Sprint1.Task7.V11.Test", "Tyuiu.ShelomentsevYA.Sprint1.Task7.V11.Test\Tyuiu.ShelomentsevYA.Sprint1.Task7.V11.Test.csproj", "{9EF75C1E-BD85-4F42-A773-27622AA4436C}"
EndProject
Project("{FAE04EC0-301F-11D3-BF4B-00C04F79EFBC}") = "Tyuiu.ShelomentsevYA.Sprint1.Task7.V11", "Tyuiu.ShelomentsevYA.Sprint1.Task7.V11\Tyuiu.ShelomentsevYA.Sprint1.Task7.V11.csproj", "{521D2FD2-22D4-4D1D-8C85-5CC9D91317AC}"
EndProject
Project("{FAE04EC0-301F-11D3-BF4B-00C04F79EFBC}") = "Tyuiu.ShelomentsevYA.Sprint1.Task7.V11.Lib", "Tyuiu.ShelomentsevYA.Sprint1.Task7.V11.Lib\Tyuiu.ShelomentsevYA.Sprint1.Task7.V11.Lib.csproj", "{08EC8398-0EF6-4A17-B11A-2A1FE8777911}"
EndProject
Global
	GlobalSection(SolutionConfigurationPlatforms) = preSolution
		Debug|Any CPU = Debug|Any CPU
		Release|Any CPU = Release|Any CPU
	EndGlobalSection
	GlobalSection(ProjectConfigurationPlatforms) = postSolution
		{9894B0BF-8FAF-4EBF-934D-C1E550748FB4}.Debug|Any CPU.ActiveCfg = Debug|Any CPU
		{9894B0BF-8FAF-4EBF-934D-C1E550748FB4}.Debug|Any CPU.Build.0 = Debug|Any CPU
		{9894B0BF-8FAF-4EBF-934D-C1E550748FB4}.Release|Any CPU.ActiveCfg = Release|Any CPU
		{9894B0BF-8FAF-4EBF-934D-C1E550748FB4}.Release|Any CPU.Build.0 = Release|Any CPU
		{B1763105-DC46-40B7-B95A-604FAED2B304}.Debug|Any CPU.ActiveCfg = Debug|Any CPU
		{B1763105-DC46-40B7-B95A-604FAED2B304}.Debug|Any CPU.Build.0 = Debug|Any CPU
		{B1763105-DC46-40B7-B95A-604FAED2B304}.Release|Any CPU.ActiveCfg = Release|Any CPU
		{B1763105-DC46-40B7-B95A-604FAED2B304}.Release|Any CPU.Build.0 = Release|Any CPU
		{523D787B-7335-4AFC-AC6C-DBBF47310F21}.Debug|Any CPU.ActiveCfg = Debug|Any CPU
		{523D787B-7335-4AFC-AC6C-DBBF47310F21}.Debug|Any CPU.Build.0 = Debug|Any CPU
		{523D787B-7335-4AFC-AC6C-DBBF47310F21}.Release|Any CPU.ActiveCfg = Release|Any CPU
		{523D787B-7335-4AFC-AC6C-DBBF47310F21}.Release|Any CPU.Build.0 = Release|Any CPU
		{0D1459F3-BD9F-4654-BC80-345F57C69DD2}.Debug|Any CPU.ActiveCfg = Debug|Any CPU
		{0D1459F3-BD9F-4654-BC80-345F57C69DD2}.Debug|Any CPU.Build.0 = Debug|Any CPU
		{0D1459F3-BD9F-4654-BC80-345F57C69DD2}.Release|Any CPU.ActiveCfg = Release|Any CPU
		{0D1459F3-BD9F-4654-BC80-345F57C69DD2}.Release|Any CPU.Build.0 = Release|Any CPU
		{CD9D5D8C-E317-4CB6-A758-79BCEB351346}.Debug|Any CPU.ActiveCfg = Debug|Any CPU
		{CD9D5D8C-E317-4CB6-A758-79BCEB351346}.Debug|Any CPU.Build.0 = Debug|Any CPU
		{CD9D5D8C-E317-4CB6-A758-79BCEB351346}.Release|Any CPU.ActiveCfg = Release|Any CPU
		{CD9D5D8C-E317-4CB6-A758-79BCEB351346}.Release|Any CPU.Build.0 = Release|Any CPU
		{D5A0D60D-E149-49A4-ACCE-E52CAB07F9DD}.Debug|Any CPU.ActiveCfg = Debug|Any CPU
		{D5A0D60D-E149-49A4-ACCE-E52CAB07F9DD}.Debug|Any CPU.Build.0 = Debug|Any CPU
		{D5A0D60D-E149-49A4-ACCE-E52CAB07F9DD}.Release|Any CPU.ActiveCfg = Release|Any CPU
		{D5A0D60D-E149-49A4-ACCE-E52CAB07F9DD}.Release|Any CPU.Build.0 = Release|Any CPU
		{C7325D5F-B33F-4B55-8EB4-8CBC87BAB074}.Debug|Any CPU.ActiveCfg = Debug|Any CPU
		{C7325D5F-B33F-4B55-8EB4-8CBC87BAB074}.Debug|Any CPU.Build.0 = Debug|Any CPU
		{C7325D5F-B33F-4B55-8EB4-8CBC87BAB074}.Release|Any CPU.ActiveCfg = Release|Any CPU
		{C7325D5F-B33F-4B55-8EB4-8CBC87BAB074}.Release|Any CPU.Build.0 = Release|Any CPU
		{0B0DBCFF-F4DC-42BB-B197-DD36681FF29E}.Debug|Any CPU.ActiveCfg = Debug|Any CPU
		{0B0DBCFF-F4DC-42BB-B197-DD36681FF29E}.Debug|Any CPU.Build.0 = Debug|Any CPU
		{0B0DBCFF-F4DC-42BB-B197-DD36681FF29E}.Release|Any CPU.ActiveCfg = Release|Any CPU
		{0B0DBCFF-F4DC-42BB-B197-DD36681FF29E}.Release|Any CPU.Build.0 = Release|Any CPU
		{96A36CDB-C354-42C8-BB3F-E730684BE8CC}.Debug|Any CPU.ActiveCfg = Debug|Any CPU
		{96A36CDB-C354-42C8-BB3F-E730684BE8CC}.Debug|Any CPU.Build.0 = Debug|Any CPU
		{96A36CDB-C354-42C8-BB3F-E730684BE8CC}.Release|Any CPU.ActiveCfg = Release|Any CPU
		{96A36CDB-C354-42C8-BB3F-E730684BE8CC}.Release|Any CPU.Build.0 = Release|Any CPU
		{F721C925-7D6F-481F-93F9-D8B483A496DE}.Debug|Any CPU.ActiveCfg = Debug|Any CPU
		{F721C925-7D6F-481F-93F9-D8B483A496DE}.Debug|Any CPU.Build.0 = Debug|Any CPU
		{F721C925-7D6F-481F-93F9-D8B483A496DE}.Release|Any CPU.ActiveCfg = Release|Any CPU
		{F721C925-7D6F-481F-93F9-D8B483A496DE}.Release|Any CPU.Build.0 = Release|Any CPU
		{55585C22-9922-4DCA-BCD1-B4FBCBC5CFC4}.Debug|Any CPU.ActiveCfg = Debug|Any CPU
		{55585C22-9922-4DCA-BCD1-B4FBCBC5CFC4}.Debug|Any CPU.Build.0 = Debug|Any CPU
		{55585C22-9922-4DCA-BCD1-B4FBCBC5CFC4}.Release|Any CPU.ActiveCfg = Release|Any CPU
		{55585C22-9922-4DCA-BCD1-B4FBCBC5CFC4}.Release|Any CPU.Build.0 = Release|Any CPU
		{BA1D7E8B-7472-49E8-AF0F-2EA724E3D83F}.Debug|Any CPU.ActiveCfg = Debug|Any CPU
		{BA1D7E8B-7472-49E8-AF0F-2EA724E3D83F}.Debug|Any CPU.Build.0 = Debug|Any CPU
		{BA1D7E8B-7472-49E8-AF0F-2EA724E3D83F}.Release|Any CPU.ActiveCfg = Release|Any CPU
		{BA1D7E8B-7472-49E8-AF0F-2EA724E3D83F}.Release|Any CPU.Build.0 = Release|Any CPU
		{CB81EBCE-292E-4CB0-8BB5-82B2C289611D}.Debug|Any CPU.ActiveCfg = Debug|Any CPU
		{CB81EBCE-292E-4CB0-8BB5-82B2C289611D}.Debug|Any CPU.Build.0 = Debug|Any CPU
		{CB81EBCE-292E-4CB0-8BB5-82B2C289611D}.Release|Any CPU.ActiveCfg = Release|Any CPU
		{CB81EBCE-292E-4CB0-8BB5-82B2C289611D}.Release|Any CPU.Build.0 = Release|Any CPU
		{FA8AF142-D8AF-4F33-996B-12E1E1D9B42C}.Debug|Any CPU.ActiveCfg = Debug|Any CPU
		{FA8AF142-D8AF-4F33-996B-12E1E1D9B42C}.Debug|Any CPU.Build.0 = Debug|Any CPU
		{FA8AF142-D8AF-4F33-996B-12E1E1D9B42C}.Release|Any CPU.ActiveCfg = Release|Any CPU
		{FA8AF142-D8AF-4F33-996B-12E1E1D9B42C}.Release|Any CPU.Build.0 = Release|Any CPU
		{76CD69D6-4E99-4459-95D8-A3165B146FB1}.Debug|Any CPU.ActiveCfg = Debug|Any CPU
		{76CD69D6-4E99-4459-95D8-A3165B146FB1}.Debug|Any CPU.Build.0 = Debug|Any CPU
		{76CD69D6-4E99-4459-95D8-A3165B146FB1}.Release|Any CPU.ActiveCfg = Release|Any CPU
		{76CD69D6-4E99-4459-95D8-A3165B146FB1}.Release|Any CPU.Build.0 = Release|Any CPU
		{9EF75C1E-BD85-4F42-A773-27622AA4436C}.Debug|Any CPU.ActiveCfg = Debug|Any CPU
		{9EF75C1E-BD85-4F42-A773-27622AA4436C}.Debug|Any CPU.Build.0 = Debug|Any CPU
		{9EF75C1E-BD85-4F42-A773-27622AA4436C}.Release|Any CPU.ActiveCfg = Release|Any CPU
		{9EF75C1E-BD85-4F42-A773-27622AA4436C}.Release|Any CPU.Build.0 = Release|Any CPU
		{521D2FD2-22D4-4D1D-8C85-5CC9D91317AC}.Debug|Any CPU.ActiveCfg = Debug|Any CPU
		{521D2FD2-22D4-4D1D-8C85-5CC9D91317AC}.Debug|Any CPU.Build.0 = Debug|Any CPU
		{521D2FD2-22D4-4D1D-8C85-5CC9D91317AC}.Release|Any CPU.ActiveCfg = Release|Any CPU
		{521D2FD2-22D4-4D1D-8C85-5CC9D91317AC}.Release|Any CPU.Build.0 = Release|Any CPU
		{08EC8398-0EF6-4A17-B11A-2A1FE8777911}.Debug|Any CPU.ActiveCfg = Debug|Any CPU
		{08EC8398-0EF6-4A17-B11A-2A1FE8777911}.Debug|Any CPU.Build.0 = Debug|Any CPU
		{08EC8398-0EF6-4A17-B11A-2A1FE8777911}.Release|Any CPU.ActiveCfg = Release|Any CPU
		{08EC8398-0EF6-4A17-B11A-2A1FE8777911}.Release|Any CPU.Build.0 = Release|Any CPU
	EndGlobalSection
	GlobalSection(SolutionProperties) = preSolution
		HideSolutionNode = FALSE
	EndGlobalSection
	GlobalSection(NestedProjects) = preSolution
		{9894B0BF-8FAF-4EBF-934D-C1E550748FB4} = {02EA681E-C7D8-13C7-8484-4AC65E1B71E8}
		{B1763105-DC46-40B7-B95A-604FAED2B304} = {02EA681E-C7D8-13C7-8484-4AC65E1B71E8}
		{523D787B-7335-4AFC-AC6C-DBBF47310F21} = {02EA681E-C7D8-13C7-8484-4AC65E1B71E8}
		{0D1459F3-BD9F-4654-BC80-345F57C69DD2} = {61D6545E-5FC5-443D-9A6C-6E76C088AC27}
		{CD9D5D8C-E317-4CB6-A758-79BCEB351346} = {61D6545E-5FC5-443D-9A6C-6E76C088AC27}
		{D5A0D60D-E149-49A4-ACCE-E52CAB07F9DD} = {61D6545E-5FC5-443D-9A6C-6E76C088AC27}
		{C7325D5F-B33F-4B55-8EB4-8CBC87BAB074} = {8BF72B6E-6278-4246-92EE-AF17CA326E98}
		{0B0DBCFF-F4DC-42BB-B197-DD36681FF29E} = {8BF72B6E-6278-4246-92EE-AF17CA326E98}
		{96A36CDB-C354-42C8-BB3F-E730684BE8CC} = {8BF72B6E-6278-4246-92EE-AF17CA326E98}
		{F721C925-7D6F-481F-93F9-D8B483A496DE} = {58885767-25FF-4947-8309-13B774F4560C}
		{55585C22-9922-4DCA-BCD1-B4FBCBC5CFC4} = {58885767-25FF-4947-8309-13B774F4560C}
		{BA1D7E8B-7472-49E8-AF0F-2EA724E3D83F} = {58885767-25FF-4947-8309-13B774F4560C}
		{CB81EBCE-292E-4CB0-8BB5-82B2C289611D} = {6AD1BFE9-47B8-406C-9272-3AA09DD14B2E}
		{FA8AF142-D8AF-4F33-996B-12E1E1D9B42C} = {6AD1BFE9-47B8-406C-9272-3AA09DD14B2E}
		{76CD69D6-4E99-4459-95D8-A3165B146FB1} = {6AD1BFE9-47B8-406C-9272-3AA09DD14B2E}
		{9EF75C1E-BD85-4F42-A773-27622AA4436C} = {8F3D18A1-F217-4A8E-9596-E6AE81DE741F}
		{521D2FD2-22D4-4D1D-8C85-5CC9D91317AC} = {8F3D18A1-F217-4A8E-9596-E6AE81DE741F}
		{08EC8398-0EF6-4A17-B11A-2A1FE8777911} = {8F3D18A1-F217-4A8E-9596-E6AE81DE741F}
	EndGlobalSection
	GlobalSection(ExtensibilityGlobals) = postSolution
		SolutionGuid = {7A71A799-A850-412D-8CCD-1B0C202CAA42}
	EndGlobalSection
EndGlobal
